
Microsoft Visual Studio Solution File, Format Version 12.00
# Visual Studio 15
Project("{FAE04EC0-301F-11D3-BF4B-00C04F79EFBC}") = "Assembly-CSharp", "Assembly-CSharp.csproj", "{F79C18FF-D65B-FE04-F7CE-B36BBAC2BF7D}"
EndProject
Project("{FAE04EC0-301F-11D3-BF4B-00C04F79EFBC}") = "Assembly-CSharp-Editor", "Assembly-CSharp-Editor.csproj", "{BEB444B1-055F-06C3-9C13-FA9727FADB50}"
EndProject
Global
	GlobalSection(SolutionConfigurationPlatforms) = preSolution
		Debug|Any CPU = Debug|Any CPU
		Release|Any CPU = Release|Any CPU
	EndGlobalSection
	GlobalSection(ProjectConfigurationPlatforms) = postSolution
		{F79C18FF-D65B-FE04-F7CE-B36BBAC2BF7D}.Debug|Any CPU.ActiveCfg = Debug|Any CPU
		{F79C18FF-D65B-FE04-F7CE-B36BBAC2BF7D}.Debug|Any CPU.Build.0 = Debug|Any CPU
		{F79C18FF-D65B-FE04-F7CE-B36BBAC2BF7D}.Release|Any CPU.ActiveCfg = Release|Any CPU
		{F79C18FF-D65B-FE04-F7CE-B36BBAC2BF7D}.Release|Any CPU.Build.0 = Release|Any CPU
		{BEB444B1-055F-06C3-9C13-FA9727FADB50}.Debug|Any CPU.ActiveCfg = Debug|Any CPU
		{BEB444B1-055F-06C3-9C13-FA9727FADB50}.Debug|Any CPU.Build.0 = Debug|Any CPU
		{BEB444B1-055F-06C3-9C13-FA9727FADB50}.Release|Any CPU.ActiveCfg = Release|Any CPU
		{BEB444B1-055F-06C3-9C13-FA9727FADB50}.Release|Any CPU.Build.0 = Release|Any CPU
	EndGlobalSection
	GlobalSection(SolutionProperties) = preSolution
		HideSolutionNode = FALSE
	EndGlobalSection
EndGlobal
